
Microsoft Visual Studio Solution File, Format Version 12.00
Project("{FAE04EC0-301F-11D3-BF4B-00C04F79EFBC}") = "WebApp", "WebApp\WebApp.csproj", "{AE63039C-7062-4C7C-9B55-BAE85853C2DE}"
EndProject
Project("{2150E333-8FDC-42A3-9474-1A3956D46DE8}") = "App", "App", "{BE4F3A49-BA79-4112-A7B1-935321B08F3D}"
EndProject
Project("{2150E333-8FDC-42A3-9474-1A3956D46DE8}") = "Base", "Base", "{DCAE6BB7-D4B7-49A3-944B-6E13D9150A87}"
EndProject
Project("{FAE04EC0-301F-11D3-BF4B-00C04F79EFBC}") = "Base.Domain", "Base.Domain\Base.Domain.csproj", "{31B5CA61-B889-4E88-AFAE-5CC79DEFE60B}"
EndProject
Project("{FAE04EC0-301F-11D3-BF4B-00C04F79EFBC}") = "Base.Contracts.Domain", "Base.Contracts.Domain\Base.Contracts.Domain.csproj", "{C2CC2D3F-FED7-4C59-8C42-E18B0F800BF9}"
EndProject
Project("{FAE04EC0-301F-11D3-BF4B-00C04F79EFBC}") = "App.Domain", "App.Domain\App.Domain.csproj", "{17191AC3-03AE-4F7A-9676-F9B78B4C27B8}"
EndProject
Project("{FAE04EC0-301F-11D3-BF4B-00C04F79EFBC}") = "App.DAL.EF", "App.DAL.EF\App.DAL.EF.csproj", "{AAA182DA-729E-4FDB-80EB-737F9BA83AE9}"
EndProject
Project("{2150E333-8FDC-42A3-9474-1A3956D46DE8}") = "!SolutionItems", "!SolutionItems", "{B355FBD1-0B02-4767-A3E9-D2D398E44047}"
	ProjectSection(SolutionItems) = preProject
		README.md = README.md
		Directory.Build.Props = Directory.Build.Props
		.gitignore = .gitignore
		CLAUDE.md = CLAUDE.md
	EndProjectSection
EndProject
Project("{FAE04EC0-301F-11D3-BF4B-00C04F79EFBC}") = "App.BLL", "App.BLL\App.BLL.csproj", "{4202B958-0BB0-44DA-B0FB-1AE1B4EE6C9D}"
EndProject
Project("{FAE04EC0-301F-11D3-BF4B-00C04F79EFBC}") = "App.DTO", "App.DTO\App.DTO.csproj", "{1B5089FE-9E15-4775-B05C-6FA286597B25}"
EndProject
Project("{FAE04EC0-301F-11D3-BF4B-00C04F79EFBC}") = "Base.Helpers", "Base.Helpers\Base.Helpers.csproj", "{F112D0B7-ECAB-4EB1-AFCE-7570E3D35B40}"
EndProject
Global
	GlobalSection(SolutionConfigurationPlatforms) = preSolution
		Debug|Any CPU = Debug|Any CPU
		Release|Any CPU = Release|Any CPU
	EndGlobalSection
	GlobalSection(ProjectConfigurationPlatforms) = postSolution
		{AE63039C-7062-4C7C-9B55-BAE85853C2DE}.Debug|Any CPU.ActiveCfg = Debug|Any CPU
		{AE63039C-7062-4C7C-9B55-BAE85853C2DE}.Debug|Any CPU.Build.0 = Debug|Any CPU
		{AE63039C-7062-4C7C-9B55-BAE85853C2DE}.Release|Any CPU.ActiveCfg = Release|Any CPU
		{AE63039C-7062-4C7C-9B55-BAE85853C2DE}.Release|Any CPU.Build.0 = Release|Any CPU
		{31B5CA61-B889-4E88-AFAE-5CC79DEFE60B}.Debug|Any CPU.ActiveCfg = Debug|Any CPU
		{31B5CA61-B889-4E88-AFAE-5CC79DEFE60B}.Debug|Any CPU.Build.0 = Debug|Any CPU
		{31B5CA61-B889-4E88-AFAE-5CC79DEFE60B}.Release|Any CPU.ActiveCfg = Release|Any CPU
		{31B5CA61-B889-4E88-AFAE-5CC79DEFE60B}.Release|Any CPU.Build.0 = Release|Any CPU
		{C2CC2D3F-FED7-4C59-8C42-E18B0F800BF9}.Debug|Any CPU.ActiveCfg = Debug|Any CPU
		{C2CC2D3F-FED7-4C59-8C42-E18B0F800BF9}.Debug|Any CPU.Build.0 = Debug|Any CPU
		{C2CC2D3F-FED7-4C59-8C42-E18B0F800BF9}.Release|Any CPU.ActiveCfg = Release|Any CPU
		{C2CC2D3F-FED7-4C59-8C42-E18B0F800BF9}.Release|Any CPU.Build.0 = Release|Any CPU
		{17191AC3-03AE-4F7A-9676-F9B78B4C27B8}.Debug|Any CPU.ActiveCfg = Debug|Any CPU
		{17191AC3-03AE-4F7A-9676-F9B78B4C27B8}.Debug|Any CPU.Build.0 = Debug|Any CPU
		{17191AC3-03AE-4F7A-9676-F9B78B4C27B8}.Release|Any CPU.ActiveCfg = Release|Any CPU
		{17191AC3-03AE-4F7A-9676-F9B78B4C27B8}.Release|Any CPU.Build.0 = Release|Any CPU
		{AAA182DA-729E-4FDB-80EB-737F9BA83AE9}.Debug|Any CPU.ActiveCfg = Debug|Any CPU
		{AAA182DA-729E-4FDB-80EB-737F9BA83AE9}.Debug|Any CPU.Build.0 = Debug|Any CPU
		{AAA182DA-729E-4FDB-80EB-737F9BA83AE9}.Release|Any CPU.ActiveCfg = Release|Any CPU
		{AAA182DA-729E-4FDB-80EB-737F9BA83AE9}.Release|Any CPU.Build.0 = Release|Any CPU
		{4202B958-0BB0-44DA-B0FB-1AE1B4EE6C9D}.Debug|Any CPU.ActiveCfg = Debug|Any CPU
		{4202B958-0BB0-44DA-B0FB-1AE1B4EE6C9D}.Debug|Any CPU.Build.0 = Debug|Any CPU
		{4202B958-0BB0-44DA-B0FB-1AE1B4EE6C9D}.Release|Any CPU.ActiveCfg = Release|Any CPU
		{4202B958-0BB0-44DA-B0FB-1AE1B4EE6C9D}.Release|Any CPU.Build.0 = Release|Any CPU
		{1B5089FE-9E15-4775-B05C-6FA286597B25}.Debug|Any CPU.ActiveCfg = Debug|Any CPU
		{1B5089FE-9E15-4775-B05C-6FA286597B25}.Debug|Any CPU.Build.0 = Debug|Any CPU
		{1B5089FE-9E15-4775-B05C-6FA286597B25}.Release|Any CPU.ActiveCfg = Release|Any CPU
		{1B5089FE-9E15-4775-B05C-6FA286597B25}.Release|Any CPU.Build.0 = Release|Any CPU
		{F112D0B7-ECAB-4EB1-AFCE-7570E3D35B40}.Debug|Any CPU.ActiveCfg = Debug|Any CPU
		{F112D0B7-ECAB-4EB1-AFCE-7570E3D35B40}.Debug|Any CPU.Build.0 = Debug|Any CPU
		{F112D0B7-ECAB-4EB1-AFCE-7570E3D35B40}.Release|Any CPU.ActiveCfg = Release|Any CPU
		{F112D0B7-ECAB-4EB1-AFCE-7570E3D35B40}.Release|Any CPU.Build.0 = Release|Any CPU
	EndGlobalSection
	GlobalSection(NestedProjects) = preSolution
		{AE63039C-7062-4C7C-9B55-BAE85853C2DE} = {BE4F3A49-BA79-4112-A7B1-935321B08F3D}
		{31B5CA61-B889-4E88-AFAE-5CC79DEFE60B} = {DCAE6BB7-D4B7-49A3-944B-6E13D9150A87}
		{C2CC2D3F-FED7-4C59-8C42-E18B0F800BF9} = {DCAE6BB7-D4B7-49A3-944B-6E13D9150A87}
		{17191AC3-03AE-4F7A-9676-F9B78B4C27B8} = {BE4F3A49-BA79-4112-A7B1-935321B08F3D}
		{AAA182DA-729E-4FDB-80EB-737F9BA83AE9} = {BE4F3A49-BA79-4112-A7B1-935321B08F3D}
		{4202B958-0BB0-44DA-B0FB-1AE1B4EE6C9D} = {BE4F3A49-BA79-4112-A7B1-935321B08F3D}
		{1B5089FE-9E15-4775-B05C-6FA286597B25} = {BE4F3A49-BA79-4112-A7B1-935321B08F3D}
		{F112D0B7-ECAB-4EB1-AFCE-7570E3D35B40} = {DCAE6BB7-D4B7-49A3-944B-6E13D9150A87}
	EndGlobalSection
EndGlobal
